// !$*UTF8*$!
{
	archiveVersion = 1;
	classes = {
	};
	objectVersion = 56;
	objects = {

/* Begin PBXBuildFile section */
		08ABEF462B62F31A00A31A34 /* MessageStore.swift in Sources */ = {isa = PBXBuildFile; fileRef = 08ABEF452B62F31A00A31A34 /* MessageStore.swift */; };
		08B3F11E2B572889003D2CB3 /* ModeratedChatApp.swift in Sources */ = {isa = PBXBuildFile; fileRef = 08B3F11D2B572889003D2CB3 /* ModeratedChatApp.swift */; };
		08B3F1202B572889003D2CB3 /* ContentView.swift in Sources */ = {isa = PBXBuildFile; fileRef = 08B3F11F2B572889003D2CB3 /* ContentView.swift */; };
		08B3F1222B57288A003D2CB3 /* Assets.xcassets in Resources */ = {isa = PBXBuildFile; fileRef = 08B3F1212B57288A003D2CB3 /* Assets.xcassets */; };
		08B3F1252B57288A003D2CB3 /* Preview Assets.xcassets in Resources */ = {isa = PBXBuildFile; fileRef = 08B3F1242B57288A003D2CB3 /* Preview Assets.xcassets */; };
		08B3F12C2B5758B1003D2CB3 /* HomeView.swift in Sources */ = {isa = PBXBuildFile; fileRef = 08B3F12B2B5758B1003D2CB3 /* HomeView.swift */; };
		08B3F12E2B57593A003D2CB3 /* ChatView.swift in Sources */ = {isa = PBXBuildFile; fileRef = 08B3F12D2B57593A003D2CB3 /* ChatView.swift */; };
		08B3F1302B575A3E003D2CB3 /* HeaderView.swift in Sources */ = {isa = PBXBuildFile; fileRef = 08B3F12F2B575A3E003D2CB3 /* HeaderView.swift */; };
		08B3F1322B58418D003D2CB3 /* Models.swift in Sources */ = {isa = PBXBuildFile; fileRef = 08B3F1312B58418D003D2CB3 /* Models.swift */; };
		08B3F1352B5890ED003D2CB3 /* Momento in Frameworks */ = {isa = PBXBuildFile; productRef = 08B3F1342B5890ED003D2CB3 /* Momento */; };
		08B3F1392B59AAE0003D2CB3 /* Users.swift in Sources */ = {isa = PBXBuildFile; fileRef = 08B3F1382B59AAE0003D2CB3 /* Users.swift */; };
		08B3F13C2B59B1DA003D2CB3 /* Alamofire in Frameworks */ = {isa = PBXBuildFile; productRef = 08B3F13B2B59B1DA003D2CB3 /* Alamofire */; };
		08ED530F2B63001E008432E1 /* MomentoClients.swift in Sources */ = {isa = PBXBuildFile; fileRef = 08ED530E2B63001E008432E1 /* MomentoClients.swift */; };
		08ED53112B630075008432E1 /* TranslationApi.swift in Sources */ = {isa = PBXBuildFile; fileRef = 08ED53102B630075008432E1 /* TranslationApi.swift */; };
/* End PBXBuildFile section */

/* Begin PBXFileReference section */
		08ABEF452B62F31A00A31A34 /* MessageStore.swift */ = {isa = PBXFileReference; lastKnownFileType = sourcecode.swift; path = MessageStore.swift; sourceTree = "<group>"; };
		08B3F11A2B572889003D2CB3 /* ModeratedChat.app */ = {isa = PBXFileReference; explicitFileType = wrapper.application; includeInIndex = 0; path = ModeratedChat.app; sourceTree = BUILT_PRODUCTS_DIR; };
		08B3F11D2B572889003D2CB3 /* ModeratedChatApp.swift */ = {isa = PBXFileReference; lastKnownFileType = sourcecode.swift; path = ModeratedChatApp.swift; sourceTree = "<group>"; };
		08B3F11F2B572889003D2CB3 /* ContentView.swift */ = {isa = PBXFileReference; lastKnownFileType = sourcecode.swift; path = ContentView.swift; sourceTree = "<group>"; };
		08B3F1212B57288A003D2CB3 /* Assets.xcassets */ = {isa = PBXFileReference; lastKnownFileType = folder.assetcatalog; path = Assets.xcassets; sourceTree = "<group>"; };
		08B3F1242B57288A003D2CB3 /* Preview Assets.xcassets */ = {isa = PBXFileReference; lastKnownFileType = folder.assetcatalog; path = "Preview Assets.xcassets"; sourceTree = "<group>"; };
		08B3F12B2B5758B1003D2CB3 /* HomeView.swift */ = {isa = PBXFileReference; lastKnownFileType = sourcecode.swift; path = HomeView.swift; sourceTree = "<group>"; };
		08B3F12D2B57593A003D2CB3 /* ChatView.swift */ = {isa = PBXFileReference; lastKnownFileType = sourcecode.swift; path = ChatView.swift; sourceTree = "<group>"; };
		08B3F12F2B575A3E003D2CB3 /* HeaderView.swift */ = {isa = PBXFileReference; lastKnownFileType = sourcecode.swift; path = HeaderView.swift; sourceTree = "<group>"; };
		08B3F1312B58418D003D2CB3 /* Models.swift */ = {isa = PBXFileReference; lastKnownFileType = sourcecode.swift; path = Models.swift; sourceTree = "<group>"; };
		08B3F1382B59AAE0003D2CB3 /* Users.swift */ = {isa = PBXFileReference; lastKnownFileType = sourcecode.swift; path = Users.swift; sourceTree = "<group>"; };
		08ED530E2B63001E008432E1 /* MomentoClients.swift */ = {isa = PBXFileReference; lastKnownFileType = sourcecode.swift; path = MomentoClients.swift; sourceTree = "<group>"; };
		08ED53102B630075008432E1 /* TranslationApi.swift */ = {isa = PBXFileReference; lastKnownFileType = sourcecode.swift; path = TranslationApi.swift; sourceTree = "<group>"; };
/* End PBXFileReference section */

/* Begin PBXFrameworksBuildPhase section */
		08B3F1172B572889003D2CB3 /* Frameworks */ = {
			isa = PBXFrameworksBuildPhase;
			buildActionMask = 2147483647;
			files = (
				08B3F1352B5890ED003D2CB3 /* Momento in Frameworks */,
				08B3F13C2B59B1DA003D2CB3 /* Alamofire in Frameworks */,
			);
			runOnlyForDeploymentPostprocessing = 0;
		};
/* End PBXFrameworksBuildPhase section */

/* Begin PBXGroup section */
		08B3F1112B572889003D2CB3 = {
			isa = PBXGroup;
			children = (
				08B3F11C2B572889003D2CB3 /* ModeratedChat */,
				08B3F11B2B572889003D2CB3 /* Products */,
			);
			sourceTree = "<group>";
		};
		08B3F11B2B572889003D2CB3 /* Products */ = {
			isa = PBXGroup;
			children = (
				08B3F11A2B572889003D2CB3 /* ModeratedChat.app */,
			);
			name = Products;
			sourceTree = "<group>";
		};
		08B3F11C2B572889003D2CB3 /* ModeratedChat */ = {
			isa = PBXGroup;
			children = (
				08B3F11D2B572889003D2CB3 /* ModeratedChatApp.swift */,
				08B3F11F2B572889003D2CB3 /* ContentView.swift */,
				08B3F1212B57288A003D2CB3 /* Assets.xcassets */,
				08B3F1232B57288A003D2CB3 /* Preview Content */,
				08B3F12B2B5758B1003D2CB3 /* HomeView.swift */,
				08B3F12D2B57593A003D2CB3 /* ChatView.swift */,
				08B3F12F2B575A3E003D2CB3 /* HeaderView.swift */,
				08B3F1312B58418D003D2CB3 /* Models.swift */,
				08B3F1382B59AAE0003D2CB3 /* Users.swift */,
				08ABEF452B62F31A00A31A34 /* MessageStore.swift */,
				08ED530E2B63001E008432E1 /* MomentoClients.swift */,
				08ED53102B630075008432E1 /* TranslationApi.swift */,
			);
			path = ModeratedChat;
			sourceTree = "<group>";
		};
		08B3F1232B57288A003D2CB3 /* Preview Content */ = {
			isa = PBXGroup;
			children = (
				08B3F1242B57288A003D2CB3 /* Preview Assets.xcassets */,
			);
			path = "Preview Content";
			sourceTree = "<group>";
		};
/* End PBXGroup section */

/* Begin PBXNativeTarget section */
		08B3F1192B572889003D2CB3 /* ModeratedChat */ = {
			isa = PBXNativeTarget;
			buildConfigurationList = 08B3F1282B57288A003D2CB3 /* Build configuration list for PBXNativeTarget "ModeratedChat" */;
			buildPhases = (
				08B3F1162B572889003D2CB3 /* Sources */,
				08B3F1172B572889003D2CB3 /* Frameworks */,
				08B3F1182B572889003D2CB3 /* Resources */,
			);
			buildRules = (
			);
			dependencies = (
			);
			name = ModeratedChat;
			packageProductDependencies = (
				08B3F1342B5890ED003D2CB3 /* Momento */,
				08B3F13B2B59B1DA003D2CB3 /* Alamofire */,
			);
			productName = ModeratedChat;
			productReference = 08B3F11A2B572889003D2CB3 /* ModeratedChat.app */;
			productType = "com.apple.product-type.application";
		};
/* End PBXNativeTarget section */

/* Begin PBXProject section */
		08B3F1122B572889003D2CB3 /* Project object */ = {
			isa = PBXProject;
			attributes = {
				BuildIndependentTargetsInParallel = 1;
				LastSwiftUpdateCheck = 1520;
				LastUpgradeCheck = 1520;
				TargetAttributes = {
					08B3F1192B572889003D2CB3 = {
						CreatedOnToolsVersion = 15.2;
					};
				};
			};
			buildConfigurationList = 08B3F1152B572889003D2CB3 /* Build configuration list for PBXProject "ModeratedChat" */;
			compatibilityVersion = "Xcode 14.0";
			developmentRegion = en;
			hasScannedForEncodings = 0;
			knownRegions = (
				en,
				Base,
			);
			mainGroup = 08B3F1112B572889003D2CB3;
			packageReferences = (
				08B3F1332B5890ED003D2CB3 /* XCRemoteSwiftPackageReference "client-sdk-swift" */,
				08B3F13A2B59B1DA003D2CB3 /* XCRemoteSwiftPackageReference "Alamofire" */,
			);
			productRefGroup = 08B3F11B2B572889003D2CB3 /* Products */;
			projectDirPath = "";
			projectRoot = "";
			targets = (
				08B3F1192B572889003D2CB3 /* ModeratedChat */,
			);
		};
/* End PBXProject section */

/* Begin PBXResourcesBuildPhase section */
		08B3F1182B572889003D2CB3 /* Resources */ = {
			isa = PBXResourcesBuildPhase;
			buildActionMask = 2147483647;
			files = (
				08B3F1252B57288A003D2CB3 /* Preview Assets.xcassets in Resources */,
				08B3F1222B57288A003D2CB3 /* Assets.xcassets in Resources */,
			);
			runOnlyForDeploymentPostprocessing = 0;
		};
/* End PBXResourcesBuildPhase section */

/* Begin PBXSourcesBuildPhase section */
		08B3F1162B572889003D2CB3 /* Sources */ = {
			isa = PBXSourcesBuildPhase;
			buildActionMask = 2147483647;
			files = (
				08ED53112B630075008432E1 /* TranslationApi.swift in Sources */,
				08B3F1392B59AAE0003D2CB3 /* Users.swift in Sources */,
				08B3F1302B575A3E003D2CB3 /* HeaderView.swift in Sources */,
				08B3F12E2B57593A003D2CB3 /* ChatView.swift in Sources */,
				08ABEF462B62F31A00A31A34 /* MessageStore.swift in Sources */,
				08B3F12C2B5758B1003D2CB3 /* HomeView.swift in Sources */,
				08B3F1322B58418D003D2CB3 /* Models.swift in Sources */,
				08B3F1202B572889003D2CB3 /* ContentView.swift in Sources */,
				08ED530F2B63001E008432E1 /* MomentoClients.swift in Sources */,
				08B3F11E2B572889003D2CB3 /* ModeratedChatApp.swift in Sources */,
			);
			runOnlyForDeploymentPostprocessing = 0;
		};
/* End PBXSourcesBuildPhase section */

/* Begin XCBuildConfiguration section */
		08B3F1262B57288A003D2CB3 /* Debug */ = {
			isa = XCBuildConfiguration;
			buildSettings = {
				ALWAYS_SEARCH_USER_PATHS = NO;
				ASSETCATALOG_COMPILER_GENERATE_SWIFT_ASSET_SYMBOL_EXTENSIONS = YES;
				CLANG_ANALYZER_NONNULL = YES;
				CLANG_ANALYZER_NUMBER_OBJECT_CONVERSION = YES_AGGRESSIVE;
				CLANG_CXX_LANGUAGE_STANDARD = "gnu++20";
				CLANG_ENABLE_MODULES = YES;
				CLANG_ENABLE_OBJC_ARC = YES;
				CLANG_ENABLE_OBJC_WEAK = YES;
				CLANG_WARN_BLOCK_CAPTURE_AUTORELEASING = YES;
				CLANG_WARN_BOOL_CONVERSION = YES;
				CLANG_WARN_COMMA = YES;
				CLANG_WARN_CONSTANT_CONVERSION = YES;
				CLANG_WARN_DEPRECATED_OBJC_IMPLEMENTATIONS = YES;
				CLANG_WARN_DIRECT_OBJC_ISA_USAGE = YES_ERROR;
				CLANG_WARN_DOCUMENTATION_COMMENTS = YES;
				CLANG_WARN_EMPTY_BODY = YES;
				CLANG_WARN_ENUM_CONVERSION = YES;
				CLANG_WARN_INFINITE_RECURSION = YES;
				CLANG_WARN_INT_CONVERSION = YES;
				CLANG_WARN_NON_LITERAL_NULL_CONVERSION = YES;
				CLANG_WARN_OBJC_IMPLICIT_RETAIN_SELF = YES;
				CLANG_WARN_OBJC_LITERAL_CONVERSION = YES;
				CLANG_WARN_OBJC_ROOT_CLASS = YES_ERROR;
				CLANG_WARN_QUOTED_INCLUDE_IN_FRAMEWORK_HEADER = YES;
				CLANG_WARN_RANGE_LOOP_ANALYSIS = YES;
				CLANG_WARN_STRICT_PROTOTYPES = YES;
				CLANG_WARN_SUSPICIOUS_MOVE = YES;
				CLANG_WARN_UNGUARDED_AVAILABILITY = YES_AGGRESSIVE;
				CLANG_WARN_UNREACHABLE_CODE = YES;
				CLANG_WARN__DUPLICATE_METHOD_MATCH = YES;
				COPY_PHASE_STRIP = NO;
				DEBUG_INFORMATION_FORMAT = dwarf;
				ENABLE_STRICT_OBJC_MSGSEND = YES;
				ENABLE_TESTABILITY = YES;
				ENABLE_USER_SCRIPT_SANDBOXING = YES;
				GCC_C_LANGUAGE_STANDARD = gnu17;
				GCC_DYNAMIC_NO_PIC = NO;
				GCC_NO_COMMON_BLOCKS = YES;
				GCC_OPTIMIZATION_LEVEL = 0;
				GCC_PREPROCESSOR_DEFINITIONS = (
					"DEBUG=1",
					"$(inherited)",
				);
				GCC_WARN_64_TO_32_BIT_CONVERSION = YES;
				GCC_WARN_ABOUT_RETURN_TYPE = YES_ERROR;
				GCC_WARN_UNDECLARED_SELECTOR = YES;
				GCC_WARN_UNINITIALIZED_AUTOS = YES_AGGRESSIVE;
				GCC_WARN_UNUSED_FUNCTION = YES;
				GCC_WARN_UNUSED_VARIABLE = YES;
				IPHONEOS_DEPLOYMENT_TARGET = 17.2;
				LOCALIZATION_PREFERS_STRING_CATALOGS = YES;
				MTL_ENABLE_DEBUG_INFO = INCLUDE_SOURCE;
				MTL_FAST_MATH = YES;
				ONLY_ACTIVE_ARCH = YES;
				SDKROOT = iphoneos;
				SWIFT_ACTIVE_COMPILATION_CONDITIONS = "DEBUG $(inherited)";
				SWIFT_OPTIMIZATION_LEVEL = "-Onone";
			};
			name = Debug;
		};
		08B3F1272B57288A003D2CB3 /* Release */ = {
			isa = XCBuildConfiguration;
			buildSettings = {
				ALWAYS_SEARCH_USER_PATHS = NO;
				ASSETCATALOG_COMPILER_GENERATE_SWIFT_ASSET_SYMBOL_EXTENSIONS = YES;
				CLANG_ANALYZER_NONNULL = YES;
				CLANG_ANALYZER_NUMBER_OBJECT_CONVERSION = YES_AGGRESSIVE;
				CLANG_CXX_LANGUAGE_STANDARD = "gnu++20";
				CLANG_ENABLE_MODULES = YES;
				CLANG_ENABLE_OBJC_ARC = YES;
				CLANG_ENABLE_OBJC_WEAK = YES;
				CLANG_WARN_BLOCK_CAPTURE_AUTORELEASING = YES;
				CLANG_WARN_BOOL_CONVERSION = YES;
				CLANG_WARN_COMMA = YES;
				CLANG_WARN_CONSTANT_CONVERSION = YES;
				CLANG_WARN_DEPRECATED_OBJC_IMPLEMENTATIONS = YES;
				CLANG_WARN_DIRECT_OBJC_ISA_USAGE = YES_ERROR;
				CLANG_WARN_DOCUMENTATION_COMMENTS = YES;
				CLANG_WARN_EMPTY_BODY = YES;
				CLANG_WARN_ENUM_CONVERSION = YES;
				CLANG_WARN_INFINITE_RECURSION = YES;
				CLANG_WARN_INT_CONVERSION = YES;
				CLANG_WARN_NON_LITERAL_NULL_CONVERSION = YES;
				CLANG_WARN_OBJC_IMPLICIT_RETAIN_SELF = YES;
				CLANG_WARN_OBJC_LITERAL_CONVERSION = YES;
				CLANG_WARN_OBJC_ROOT_CLASS = YES_ERROR;
				CLANG_WARN_QUOTED_INCLUDE_IN_FRAMEWORK_HEADER = YES;
				CLANG_WARN_RANGE_LOOP_ANALYSIS = YES;
				CLANG_WARN_STRICT_PROTOTYPES = YES;
				CLANG_WARN_SUSPICIOUS_MOVE = YES;
				CLANG_WARN_UNGUARDED_AVAILABILITY = YES_AGGRESSIVE;
				CLANG_WARN_UNREACHABLE_CODE = YES;
				CLANG_WARN__DUPLICATE_METHOD_MATCH = YES;
				COPY_PHASE_STRIP = NO;
				DEBUG_INFORMATION_FORMAT = "dwarf-with-dsym";
				ENABLE_NS_ASSERTIONS = NO;
				ENABLE_STRICT_OBJC_MSGSEND = YES;
				ENABLE_USER_SCRIPT_SANDBOXING = YES;
				GCC_C_LANGUAGE_STANDARD = gnu17;
				GCC_NO_COMMON_BLOCKS = YES;
				GCC_WARN_64_TO_32_BIT_CONVERSION = YES;
				GCC_WARN_ABOUT_RETURN_TYPE = YES_ERROR;
				GCC_WARN_UNDECLARED_SELECTOR = YES;
				GCC_WARN_UNINITIALIZED_AUTOS = YES_AGGRESSIVE;
				GCC_WARN_UNUSED_FUNCTION = YES;
				GCC_WARN_UNUSED_VARIABLE = YES;
				IPHONEOS_DEPLOYMENT_TARGET = 17.2;
				LOCALIZATION_PREFERS_STRING_CATALOGS = YES;
				MTL_ENABLE_DEBUG_INFO = NO;
				MTL_FAST_MATH = YES;
				SDKROOT = iphoneos;
				SWIFT_COMPILATION_MODE = wholemodule;
				VALIDATE_PRODUCT = YES;
			};
			name = Release;
		};
		08B3F1292B57288A003D2CB3 /* Debug */ = {
			isa = XCBuildConfiguration;
			buildSettings = {
				ASSETCATALOG_COMPILER_APPICON_NAME = AppIcon;
				ASSETCATALOG_COMPILER_GLOBAL_ACCENT_COLOR_NAME = AccentColor;
				CODE_SIGN_STYLE = Automatic;
				CURRENT_PROJECT_VERSION = 1;
				DEVELOPMENT_ASSET_PATHS = "\"ModeratedChat/Preview Content\"";
				ENABLE_PREVIEWS = YES;
				GENERATE_INFOPLIST_FILE = YES;
				INFOPLIST_KEY_UIApplicationSceneManifest_Generation = YES;
				INFOPLIST_KEY_UIApplicationSupportsIndirectInputEvents = YES;
				INFOPLIST_KEY_UILaunchScreen_Generation = YES;
				INFOPLIST_KEY_UISupportedInterfaceOrientations_iPad = "UIInterfaceOrientationPortrait UIInterfaceOrientationPortraitUpsideDown UIInterfaceOrientationLandscapeLeft UIInterfaceOrientationLandscapeRight";
				INFOPLIST_KEY_UISupportedInterfaceOrientations_iPhone = "UIInterfaceOrientationPortrait UIInterfaceOrientationLandscapeLeft UIInterfaceOrientationLandscapeRight";
				LD_RUNPATH_SEARCH_PATHS = (
					"$(inherited)",
					"@executable_path/Frameworks",
				);
				MARKETING_VERSION = 1.0;
				PRODUCT_BUNDLE_IDENTIFIER = momento.ModeratedChat;
				PRODUCT_NAME = "$(TARGET_NAME)";
				SWIFT_EMIT_LOC_STRINGS = YES;
				SWIFT_VERSION = 5.0;
				TARGETED_DEVICE_FAMILY = "1,2";
			};
			name = Debug;
		};
		08B3F12A2B57288A003D2CB3 /* Release */ = {
			isa = XCBuildConfiguration;
			buildSettings = {
				ASSETCATALOG_COMPILER_APPICON_NAME = AppIcon;
				ASSETCATALOG_COMPILER_GLOBAL_ACCENT_COLOR_NAME = AccentColor;
				CODE_SIGN_STYLE = Automatic;
				CURRENT_PROJECT_VERSION = 1;
				DEVELOPMENT_ASSET_PATHS = "\"ModeratedChat/Preview Content\"";
				ENABLE_PREVIEWS = YES;
				GENERATE_INFOPLIST_FILE = YES;
				INFOPLIST_KEY_UIApplicationSceneManifest_Generation = YES;
				INFOPLIST_KEY_UIApplicationSupportsIndirectInputEvents = YES;
				INFOPLIST_KEY_UILaunchScreen_Generation = YES;
				INFOPLIST_KEY_UISupportedInterfaceOrientations_iPad = "UIInterfaceOrientationPortrait UIInterfaceOrientationPortraitUpsideDown UIInterfaceOrientationLandscapeLeft UIInterfaceOrientationLandscapeRight";
				INFOPLIST_KEY_UISupportedInterfaceOrientations_iPhone = "UIInterfaceOrientationPortrait UIInterfaceOrientationLandscapeLeft UIInterfaceOrientationLandscapeRight";
				LD_RUNPATH_SEARCH_PATHS = (
					"$(inherited)",
					"@executable_path/Frameworks",
				);
				MARKETING_VERSION = 1.0;
				PRODUCT_BUNDLE_IDENTIFIER = momento.ModeratedChat;
				PRODUCT_NAME = "$(TARGET_NAME)";
				SWIFT_EMIT_LOC_STRINGS = YES;
				SWIFT_VERSION = 5.0;
				TARGETED_DEVICE_FAMILY = "1,2";
			};
			name = Release;
		};
/* End XCBuildConfiguration section */

/* Begin XCConfigurationList section */
		08B3F1152B572889003D2CB3 /* Build configuration list for PBXProject "ModeratedChat" */ = {
			isa = XCConfigurationList;
			buildConfigurations = (
				08B3F1262B57288A003D2CB3 /* Debug */,
				08B3F1272B57288A003D2CB3 /* Release */,
			);
			defaultConfigurationIsVisible = 0;
			defaultConfigurationName = Release;
		};
		08B3F1282B57288A003D2CB3 /* Build configuration list for PBXNativeTarget "ModeratedChat" */ = {
			isa = XCConfigurationList;
			buildConfigurations = (
				08B3F1292B57288A003D2CB3 /* Debug */,
				08B3F12A2B57288A003D2CB3 /* Release */,
			);
			defaultConfigurationIsVisible = 0;
			defaultConfigurationName = Release;
		};
/* End XCConfigurationList section */

/* Begin XCRemoteSwiftPackageReference section */
		08B3F1332B5890ED003D2CB3 /* XCRemoteSwiftPackageReference "client-sdk-swift" */ = {
			isa = XCRemoteSwiftPackageReference;
			repositoryURL = "https://github.com/momentohq/client-sdk-swift";
			requirement = {
				kind = exactVersion;
				version = 0.4.0;
			};
		};
		08B3F13A2B59B1DA003D2CB3 /* XCRemoteSwiftPackageReference "Alamofire" */ = {
			isa = XCRemoteSwiftPackageReference;
			repositoryURL = "https://github.com/Alamofire/Alamofire.git";
			requirement = {
				kind = upToNextMajorVersion;
				minimumVersion = 5.8.1;
			};
		};
/* End XCRemoteSwiftPackageReference section */

/* Begin XCSwiftPackageProductDependency section */
		08B3F1342B5890ED003D2CB3 /* Momento */ = {
			isa = XCSwiftPackageProductDependency;
			package = 08B3F1332B5890ED003D2CB3 /* XCRemoteSwiftPackageReference "client-sdk-swift" */;
			productName = Momento;
		};
		08B3F13B2B59B1DA003D2CB3 /* Alamofire */ = {
			isa = XCSwiftPackageProductDependency;
			package = 08B3F13A2B59B1DA003D2CB3 /* XCRemoteSwiftPackageReference "Alamofire" */;
			productName = Alamofire;
		};
/* End XCSwiftPackageProductDependency section */
	};
	rootObject = 08B3F1122B572889003D2CB3 /* Project object */;
}
